
Microsoft Visual Studio Solution File, Format Version 12.00
# Visual Studio Version 16
VisualStudioVersion = 16.0.32929.386
MinimumVisualStudioVersion = 10.0.40219.1
Project("{FAE04EC0-301F-11D3-BF4B-00C04F79EFBC}") = "Gateway", "Gateway.csproj", "{7EC15FF2-0FF8-40AE-8853-933851414EC4}"
EndProject
Global
	GlobalSection(SolutionConfigurationPlatforms) = preSolution
		Debug|Any CPU = Debug|Any CPU
		Debug|x86 = Debug|x86
		Release|Any CPU = Release|Any CPU
		Release|x86 = Release|x86
	EndGlobalSection
	GlobalSection(ProjectConfigurationPlatforms) = postSolution
		{7EC15FF2-0FF8-40AE-8853-933851414EC4}.Debug|Any CPU.ActiveCfg = Debug|Any CPU
		{7EC15FF2-0FF8-40AE-8853-933851414EC4}.Debug|Any CPU.Build.0 = Debug|Any CPU
		{7EC15FF2-0FF8-40AE-8853-933851414EC4}.Debug|x86.ActiveCfg = Debug|x86
		{7EC15FF2-0FF8-40AE-8853-933851414EC4}.Debug|x86.Build.0 = Debug|x86
		{7EC15FF2-0FF8-40AE-8853-933851414EC4}.Release|Any CPU.ActiveCfg = Release|Any CPU
		{7EC15FF2-0FF8-40AE-8853-933851414EC4}.Release|Any CPU.Build.0 = Release|Any CPU
		{7EC15FF2-0FF8-40AE-8853-933851414EC4}.Release|x86.ActiveCfg = Release|x86
		{7EC15FF2-0FF8-40AE-8853-933851414EC4}.Release|x86.Build.0 = Release|x86
	EndGlobalSection
	GlobalSection(SolutionProperties) = preSolution
		HideSolutionNode = FALSE
	EndGlobalSection
	GlobalSection(ExtensibilityGlobals) = postSolution
		SolutionGuid = {1449BFBC-6491-4BA3-9A69-7B88D3F8C7A9}
	EndGlobalSection
EndGlobal
